// !$*UTF8*$!
{
	archiveVersion = 1;
	classes = {
	};
	objectVersion = 70;
	objects = {

/* Begin PBXBuildFile section */
		260D92492CB8B87B0015484F /* SDWebImageSwiftUI in Frameworks */ = {isa = PBXBuildFile; productRef = 260D92482CB8B87B0015484F /* SDWebImageSwiftUI */; };
		260D924E2CB8B9400015484F /* ImageLoaderView.swift in Sources */ = {isa = PBXBuildFile; fileRef = 260D924D2CB8B9400015484F /* ImageLoaderView.swift */; };
		26B5DC5A2CDAD8680077C3FB /* DataBaseHelper.swift in Sources */ = {isa = PBXBuildFile; fileRef = 26B5DC592CDAD8680077C3FB /* DataBaseHelper.swift */; };
		26B5DC5C2CDADFD90077C3FB /* Product.swift in Sources */ = {isa = PBXBuildFile; fileRef = 26B5DC5B2CDADFD90077C3FB /* Product.swift */; };
		26B5DC5E2CDADFF60077C3FB /* User.swift in Sources */ = {isa = PBXBuildFile; fileRef = 26B5DC5D2CDADFF60077C3FB /* User.swift */; };
		26B5DC612CDAE7E40077C3FB /* SwiftfulUI in Frameworks */ = {isa = PBXBuildFile; productRef = 26B5DC602CDAE7E40077C3FB /* SwiftfulUI */; };
		26B5DC642CDAE8160077C3FB /* SwiftfulRouting in Frameworks */ = {isa = PBXBuildFile; productRef = 26B5DC632CDAE8160077C3FB /* SwiftfulRouting */; };
		26B5DC722CDD851E0077C3FB /* Constant.swift in Sources */ = {isa = PBXBuildFile; fileRef = 26B5DC712CDD851E0077C3FB /* Constant.swift */; };
		26B6D95E2CB8AA810033395D /* SwiftfulSwiftUIinPracticeApp.swift in Sources */ = {isa = PBXBuildFile; fileRef = 26B6D95D2CB8AA810033395D /* SwiftfulSwiftUIinPracticeApp.swift */; };
		26B6D9602CB8AA810033395D /* ContentView.swift in Sources */ = {isa = PBXBuildFile; fileRef = 26B6D95F2CB8AA810033395D /* ContentView.swift */; };
		26B6D9622CB8AA840033395D /* Assets.xcassets in Resources */ = {isa = PBXBuildFile; fileRef = 26B6D9612CB8AA840033395D /* Assets.xcassets */; };
		26B6D9652CB8AA840033395D /* Preview Assets.xcassets in Resources */ = {isa = PBXBuildFile; fileRef = 26B6D9642CB8AA840033395D /* Preview Assets.xcassets */; };
		26B6D96A2CB8AA840033395D /* SwiftfulSwiftUIinPractice.xcdatamodeld in Sources */ = {isa = PBXBuildFile; fileRef = 26B6D9682CB8AA840033395D /* SwiftfulSwiftUIinPractice.xcdatamodeld */; };
/* End PBXBuildFile section */

/* Begin PBXFileReference section */
		260D924D2CB8B9400015484F /* ImageLoaderView.swift */ = {isa = PBXFileReference; lastKnownFileType = sourcecode.swift; path = ImageLoaderView.swift; sourceTree = "<group>"; };
		26B5DC592CDAD8680077C3FB /* DataBaseHelper.swift */ = {isa = PBXFileReference; lastKnownFileType = sourcecode.swift; path = DataBaseHelper.swift; sourceTree = "<group>"; };
		26B5DC5B2CDADFD90077C3FB /* Product.swift */ = {isa = PBXFileReference; lastKnownFileType = sourcecode.swift; path = Product.swift; sourceTree = "<group>"; };
		26B5DC5D2CDADFF60077C3FB /* User.swift */ = {isa = PBXFileReference; lastKnownFileType = sourcecode.swift; path = User.swift; sourceTree = "<group>"; };
		26B5DC712CDD851E0077C3FB /* Constant.swift */ = {isa = PBXFileReference; lastKnownFileType = sourcecode.swift; path = Constant.swift; sourceTree = "<group>"; };
		26B6D95A2CB8AA810033395D /* SwiftfulSwiftUIinPractice.app */ = {isa = PBXFileReference; explicitFileType = wrapper.application; includeInIndex = 0; path = SwiftfulSwiftUIinPractice.app; sourceTree = BUILT_PRODUCTS_DIR; };
		26B6D95D2CB8AA810033395D /* SwiftfulSwiftUIinPracticeApp.swift */ = {isa = PBXFileReference; lastKnownFileType = sourcecode.swift; path = SwiftfulSwiftUIinPracticeApp.swift; sourceTree = "<group>"; };
		26B6D95F2CB8AA810033395D /* ContentView.swift */ = {isa = PBXFileReference; lastKnownFileType = sourcecode.swift; path = ContentView.swift; sourceTree = "<group>"; };
		26B6D9612CB8AA840033395D /* Assets.xcassets */ = {isa = PBXFileReference; lastKnownFileType = folder.assetcatalog; path = Assets.xcassets; sourceTree = "<group>"; };
		26B6D9642CB8AA840033395D /* Preview Assets.xcassets */ = {isa = PBXFileReference; lastKnownFileType = folder.assetcatalog; path = "Preview Assets.xcassets"; sourceTree = "<group>"; };
		26B6D9692CB8AA840033395D /* SwiftfulSwiftUIinPractice.xcdatamodel */ = {isa = PBXFileReference; lastKnownFileType = wrapper.xcdatamodel; path = SwiftfulSwiftUIinPractice.xcdatamodel; sourceTree = "<group>"; };
/* End PBXFileReference section */

/* Begin PBXFileSystemSynchronizedRootGroup section */
		26B5DC652CDC5C120077C3FB /* Spotify */ = {isa = PBXFileSystemSynchronizedRootGroup; explicitFileTypes = {}; explicitFolders = (); path = Spotify; sourceTree = "<group>"; };
/* End PBXFileSystemSynchronizedRootGroup section */

/* Begin PBXFrameworksBuildPhase section */
		26B6D9572CB8AA810033395D /* Frameworks */ = {
			isa = PBXFrameworksBuildPhase;
			buildActionMask = 2147483647;
			files = (
				26B5DC612CDAE7E40077C3FB /* SwiftfulUI in Frameworks */,
				26B5DC642CDAE8160077C3FB /* SwiftfulRouting in Frameworks */,
				260D92492CB8B87B0015484F /* SDWebImageSwiftUI in Frameworks */,
			);
			runOnlyForDeploymentPostprocessing = 0;
		};
/* End PBXFrameworksBuildPhase section */

/* Begin PBXGroup section */
		260D924A2CB8B8B30015484F /* Shared */ = {
			isa = PBXGroup;
			children = (
				260D924D2CB8B9400015484F /* ImageLoaderView.swift */,
				26B5DC592CDAD8680077C3FB /* DataBaseHelper.swift */,
				26B5DC5B2CDADFD90077C3FB /* Product.swift */,
				26B5DC5D2CDADFF60077C3FB /* User.swift */,
				26B5DC712CDD851E0077C3FB /* Constant.swift */,
			);
			path = Shared;
			sourceTree = "<group>";
		};
		26B6D9512CB8AA810033395D = {
			isa = PBXGroup;
			children = (
				26B6D95C2CB8AA810033395D /* SwiftfulSwiftUIinPractice */,
				26B6D95B2CB8AA810033395D /* Products */,
			);
			sourceTree = "<group>";
		};
		26B6D95B2CB8AA810033395D /* Products */ = {
			isa = PBXGroup;
			children = (
				26B6D95A2CB8AA810033395D /* SwiftfulSwiftUIinPractice.app */,
			);
			name = Products;
			sourceTree = "<group>";
		};
		26B6D95C2CB8AA810033395D /* SwiftfulSwiftUIinPractice */ = {
			isa = PBXGroup;
			children = (
				26B6D95D2CB8AA810033395D /* SwiftfulSwiftUIinPracticeApp.swift */,
				26B6D95F2CB8AA810033395D /* ContentView.swift */,
				26B5DC652CDC5C120077C3FB /* Spotify */,
				260D924A2CB8B8B30015484F /* Shared */,
				26B6D9612CB8AA840033395D /* Assets.xcassets */,
				26B6D9682CB8AA840033395D /* SwiftfulSwiftUIinPractice.xcdatamodeld */,
				26B6D9632CB8AA840033395D /* Preview Content */,
			);
			path = SwiftfulSwiftUIinPractice;
			sourceTree = "<group>";
		};
		26B6D9632CB8AA840033395D /* Preview Content */ = {
			isa = PBXGroup;
			children = (
				26B6D9642CB8AA840033395D /* Preview Assets.xcassets */,
			);
			path = "Preview Content";
			sourceTree = "<group>";
		};
/* End PBXGroup section */

/* Begin PBXNativeTarget section */
		26B6D9592CB8AA810033395D /* SwiftfulSwiftUIinPractice */ = {
			isa = PBXNativeTarget;
			buildConfigurationList = 26B6D96D2CB8AA840033395D /* Build configuration list for PBXNativeTarget "SwiftfulSwiftUIinPractice" */;
			buildPhases = (
				26B6D9562CB8AA810033395D /* Sources */,
				26B6D9572CB8AA810033395D /* Frameworks */,
				26B6D9582CB8AA810033395D /* Resources */,
			);
			buildRules = (
			);
			dependencies = (
			);
			fileSystemSynchronizedGroups = (
				26B5DC652CDC5C120077C3FB /* Spotify */,
			);
			name = SwiftfulSwiftUIinPractice;
			productName = SwiftfulSwiftUIinPractice;
			productReference = 26B6D95A2CB8AA810033395D /* SwiftfulSwiftUIinPractice.app */;
			productType = "com.apple.product-type.application";
		};
/* End PBXNativeTarget section */

/* Begin PBXProject section */
		26B6D9522CB8AA810033395D /* Project object */ = {
			isa = PBXProject;
			attributes = {
				BuildIndependentTargetsInParallel = 1;
				LastSwiftUpdateCheck = 1540;
				LastUpgradeCheck = 1540;
				TargetAttributes = {
					26B6D9592CB8AA810033395D = {
						CreatedOnToolsVersion = 15.4;
					};
				};
			};
			buildConfigurationList = 26B6D9552CB8AA810033395D /* Build configuration list for PBXProject "SwiftfulSwiftUIinPractice" */;
			compatibilityVersion = "Xcode 14.0";
			developmentRegion = en;
			hasScannedForEncodings = 0;
			knownRegions = (
				en,
				Base,
			);
			mainGroup = 26B6D9512CB8AA810033395D;
			packageReferences = (
				260D92472CB8B8790015484F /* XCRemoteSwiftPackageReference "SDWebImageSwiftUI" */,
				26B5DC5F2CDAE7E40077C3FB /* XCRemoteSwiftPackageReference "SwiftfulUI" */,
				26B5DC622CDAE8160077C3FB /* XCRemoteSwiftPackageReference "SwiftfulRouting" */,
			);
			productRefGroup = 26B6D95B2CB8AA810033395D /* Products */;
			projectDirPath = "";
			projectRoot = "";
			targets = (
				26B6D9592CB8AA810033395D /* SwiftfulSwiftUIinPractice */,
			);
		};
/* End PBXProject section */

/* Begin PBXResourcesBuildPhase section */
		26B6D9582CB8AA810033395D /* Resources */ = {
			isa = PBXResourcesBuildPhase;
			buildActionMask = 2147483647;
			files = (
				26B6D9652CB8AA840033395D /* Preview Assets.xcassets in Resources */,
				26B6D9622CB8AA840033395D /* Assets.xcassets in Resources */,
			);
			runOnlyForDeploymentPostprocessing = 0;
		};
/* End PBXResourcesBuildPhase section */

/* Begin PBXSourcesBuildPhase section */
		26B6D9562CB8AA810033395D /* Sources */ = {
			isa = PBXSourcesBuildPhase;
			buildActionMask = 2147483647;
			files = (
				26B6D9602CB8AA810033395D /* ContentView.swift in Sources */,
				260D924E2CB8B9400015484F /* ImageLoaderView.swift in Sources */,
				26B6D95E2CB8AA810033395D /* SwiftfulSwiftUIinPracticeApp.swift in Sources */,
				26B6D96A2CB8AA840033395D /* SwiftfulSwiftUIinPractice.xcdatamodeld in Sources */,
				26B5DC5A2CDAD8680077C3FB /* DataBaseHelper.swift in Sources */,
				26B5DC5C2CDADFD90077C3FB /* Product.swift in Sources */,
				26B5DC5E2CDADFF60077C3FB /* User.swift in Sources */,
				26B5DC722CDD851E0077C3FB /* Constant.swift in Sources */,
			);
			runOnlyForDeploymentPostprocessing = 0;
		};
/* End PBXSourcesBuildPhase section */

/* Begin XCBuildConfiguration section */
		26B6D96B2CB8AA840033395D /* Debug */ = {
			isa = XCBuildConfiguration;
			buildSettings = {
				ALWAYS_SEARCH_USER_PATHS = NO;
				ASSETCATALOG_COMPILER_GENERATE_SWIFT_ASSET_SYMBOL_EXTENSIONS = YES;
				CLANG_ANALYZER_NONNULL = YES;
				CLANG_ANALYZER_NUMBER_OBJECT_CONVERSION = YES_AGGRESSIVE;
				CLANG_CXX_LANGUAGE_STANDARD = "gnu++20";
				CLANG_ENABLE_MODULES = YES;
				CLANG_ENABLE_OBJC_ARC = YES;
				CLANG_ENABLE_OBJC_WEAK = YES;
				CLANG_WARN_BLOCK_CAPTURE_AUTORELEASING = YES;
				CLANG_WARN_BOOL_CONVERSION = YES;
				CLANG_WARN_COMMA = YES;
				CLANG_WARN_CONSTANT_CONVERSION = YES;
				CLANG_WARN_DEPRECATED_OBJC_IMPLEMENTATIONS = YES;
				CLANG_WARN_DIRECT_OBJC_ISA_USAGE = YES_ERROR;
				CLANG_WARN_DOCUMENTATION_COMMENTS = YES;
				CLANG_WARN_EMPTY_BODY = YES;
				CLANG_WARN_ENUM_CONVERSION = YES;
				CLANG_WARN_INFINITE_RECURSION = YES;
				CLANG_WARN_INT_CONVERSION = YES;
				CLANG_WARN_NON_LITERAL_NULL_CONVERSION = YES;
				CLANG_WARN_OBJC_IMPLICIT_RETAIN_SELF = YES;
				CLANG_WARN_OBJC_LITERAL_CONVERSION = YES;
				CLANG_WARN_OBJC_ROOT_CLASS = YES_ERROR;
				CLANG_WARN_QUOTED_INCLUDE_IN_FRAMEWORK_HEADER = YES;
				CLANG_WARN_RANGE_LOOP_ANALYSIS = YES;
				CLANG_WARN_STRICT_PROTOTYPES = YES;
				CLANG_WARN_SUSPICIOUS_MOVE = YES;
				CLANG_WARN_UNGUARDED_AVAILABILITY = YES_AGGRESSIVE;
				CLANG_WARN_UNREACHABLE_CODE = YES;
				CLANG_WARN__DUPLICATE_METHOD_MATCH = YES;
				COPY_PHASE_STRIP = NO;
				DEBUG_INFORMATION_FORMAT = dwarf;
				ENABLE_STRICT_OBJC_MSGSEND = YES;
				ENABLE_TESTABILITY = YES;
				ENABLE_USER_SCRIPT_SANDBOXING = YES;
				GCC_C_LANGUAGE_STANDARD = gnu17;
				GCC_DYNAMIC_NO_PIC = NO;
				GCC_NO_COMMON_BLOCKS = YES;
				GCC_OPTIMIZATION_LEVEL = 0;
				GCC_PREPROCESSOR_DEFINITIONS = (
					"DEBUG=1",
					"$(inherited)",
				);
				GCC_WARN_64_TO_32_BIT_CONVERSION = YES;
				GCC_WARN_ABOUT_RETURN_TYPE = YES_ERROR;
				GCC_WARN_UNDECLARED_SELECTOR = YES;
				GCC_WARN_UNINITIALIZED_AUTOS = YES_AGGRESSIVE;
				GCC_WARN_UNUSED_FUNCTION = YES;
				GCC_WARN_UNUSED_VARIABLE = YES;
				IPHONEOS_DEPLOYMENT_TARGET = 17.5;
				LOCALIZATION_PREFERS_STRING_CATALOGS = YES;
				MTL_ENABLE_DEBUG_INFO = INCLUDE_SOURCE;
				MTL_FAST_MATH = YES;
				ONLY_ACTIVE_ARCH = YES;
				SDKROOT = iphoneos;
				SWIFT_ACTIVE_COMPILATION_CONDITIONS = "DEBUG $(inherited)";
				SWIFT_OPTIMIZATION_LEVEL = "-Onone";
			};
			name = Debug;
		};
		26B6D96C2CB8AA840033395D /* Release */ = {
			isa = XCBuildConfiguration;
			buildSettings = {
				ALWAYS_SEARCH_USER_PATHS = NO;
				ASSETCATALOG_COMPILER_GENERATE_SWIFT_ASSET_SYMBOL_EXTENSIONS = YES;
				CLANG_ANALYZER_NONNULL = YES;
				CLANG_ANALYZER_NUMBER_OBJECT_CONVERSION = YES_AGGRESSIVE;
				CLANG_CXX_LANGUAGE_STANDARD = "gnu++20";
				CLANG_ENABLE_MODULES = YES;
				CLANG_ENABLE_OBJC_ARC = YES;
				CLANG_ENABLE_OBJC_WEAK = YES;
				CLANG_WARN_BLOCK_CAPTURE_AUTORELEASING = YES;
				CLANG_WARN_BOOL_CONVERSION = YES;
				CLANG_WARN_COMMA = YES;
				CLANG_WARN_CONSTANT_CONVERSION = YES;
				CLANG_WARN_DEPRECATED_OBJC_IMPLEMENTATIONS = YES;
				CLANG_WARN_DIRECT_OBJC_ISA_USAGE = YES_ERROR;
				CLANG_WARN_DOCUMENTATION_COMMENTS = YES;
				CLANG_WARN_EMPTY_BODY = YES;
				CLANG_WARN_ENUM_CONVERSION = YES;
				CLANG_WARN_INFINITE_RECURSION = YES;
				CLANG_WARN_INT_CONVERSION = YES;
				CLANG_WARN_NON_LITERAL_NULL_CONVERSION = YES;
				CLANG_WARN_OBJC_IMPLICIT_RETAIN_SELF = YES;
				CLANG_WARN_OBJC_LITERAL_CONVERSION = YES;
				CLANG_WARN_OBJC_ROOT_CLASS = YES_ERROR;
				CLANG_WARN_QUOTED_INCLUDE_IN_FRAMEWORK_HEADER = YES;
				CLANG_WARN_RANGE_LOOP_ANALYSIS = YES;
				CLANG_WARN_STRICT_PROTOTYPES = YES;
				CLANG_WARN_SUSPICIOUS_MOVE = YES;
				CLANG_WARN_UNGUARDED_AVAILABILITY = YES_AGGRESSIVE;
				CLANG_WARN_UNREACHABLE_CODE = YES;
				CLANG_WARN__DUPLICATE_METHOD_MATCH = YES;
				COPY_PHASE_STRIP = NO;
				DEBUG_INFORMATION_FORMAT = "dwarf-with-dsym";
				ENABLE_NS_ASSERTIONS = NO;
				ENABLE_STRICT_OBJC_MSGSEND = YES;
				ENABLE_USER_SCRIPT_SANDBOXING = YES;
				GCC_C_LANGUAGE_STANDARD = gnu17;
				GCC_NO_COMMON_BLOCKS = YES;
				GCC_WARN_64_TO_32_BIT_CONVERSION = YES;
				GCC_WARN_ABOUT_RETURN_TYPE = YES_ERROR;
				GCC_WARN_UNDECLARED_SELECTOR = YES;
				GCC_WARN_UNINITIALIZED_AUTOS = YES_AGGRESSIVE;
				GCC_WARN_UNUSED_FUNCTION = YES;
				GCC_WARN_UNUSED_VARIABLE = YES;
				IPHONEOS_DEPLOYMENT_TARGET = 17.5;
				LOCALIZATION_PREFERS_STRING_CATALOGS = YES;
				MTL_ENABLE_DEBUG_INFO = NO;
				MTL_FAST_MATH = YES;
				SDKROOT = iphoneos;
				SWIFT_COMPILATION_MODE = wholemodule;
				VALIDATE_PRODUCT = YES;
			};
			name = Release;
		};
		26B6D96E2CB8AA840033395D /* Debug */ = {
			isa = XCBuildConfiguration;
			buildSettings = {
				ASSETCATALOG_COMPILER_APPICON_NAME = AppIcon;
				ASSETCATALOG_COMPILER_GLOBAL_ACCENT_COLOR_NAME = AccentColor;
				CODE_SIGN_STYLE = Automatic;
				CURRENT_PROJECT_VERSION = 1;
				DEVELOPMENT_ASSET_PATHS = "\"SwiftfulSwiftUIinPractice/Preview Content\"";
				DEVELOPMENT_TEAM = GF22GT5GXF;
				ENABLE_PREVIEWS = YES;
				GENERATE_INFOPLIST_FILE = YES;
				INFOPLIST_KEY_UIApplicationSceneManifest_Generation = YES;
				INFOPLIST_KEY_UIApplicationSupportsIndirectInputEvents = YES;
				INFOPLIST_KEY_UILaunchScreen_Generation = YES;
				INFOPLIST_KEY_UISupportedInterfaceOrientations_iPad = "UIInterfaceOrientationPortrait UIInterfaceOrientationPortraitUpsideDown UIInterfaceOrientationLandscapeLeft UIInterfaceOrientationLandscapeRight";
				INFOPLIST_KEY_UISupportedInterfaceOrientations_iPhone = "UIInterfaceOrientationPortrait UIInterfaceOrientationLandscapeLeft UIInterfaceOrientationLandscapeRight";
				LD_RUNPATH_SEARCH_PATHS = (
					"$(inherited)",
					"@executable_path/Frameworks",
				);
				MARKETING_VERSION = 1.0;
				PRODUCT_BUNDLE_IDENTIFIER = com.tianlan.SwiftfulSwiftUIinPractice;
				PRODUCT_NAME = "$(TARGET_NAME)";
				SWIFT_EMIT_LOC_STRINGS = YES;
				SWIFT_VERSION = 5.0;
				TARGETED_DEVICE_FAMILY = "1,2";
			};
			name = Debug;
		};
		26B6D96F2CB8AA840033395D /* Release */ = {
			isa = XCBuildConfiguration;
			buildSettings = {
				ASSETCATALOG_COMPILER_APPICON_NAME = AppIcon;
				ASSETCATALOG_COMPILER_GLOBAL_ACCENT_COLOR_NAME = AccentColor;
				CODE_SIGN_STYLE = Automatic;
				CURRENT_PROJECT_VERSION = 1;
				DEVELOPMENT_ASSET_PATHS = "\"SwiftfulSwiftUIinPractice/Preview Content\"";
				DEVELOPMENT_TEAM = GF22GT5GXF;
				ENABLE_PREVIEWS = YES;
				GENERATE_INFOPLIST_FILE = YES;
				INFOPLIST_KEY_UIApplicationSceneManifest_Generation = YES;
				INFOPLIST_KEY_UIApplicationSupportsIndirectInputEvents = YES;
				INFOPLIST_KEY_UILaunchScreen_Generation = YES;
				INFOPLIST_KEY_UISupportedInterfaceOrientations_iPad = "UIInterfaceOrientationPortrait UIInterfaceOrientationPortraitUpsideDown UIInterfaceOrientationLandscapeLeft UIInterfaceOrientationLandscapeRight";
				INFOPLIST_KEY_UISupportedInterfaceOrientations_iPhone = "UIInterfaceOrientationPortrait UIInterfaceOrientationLandscapeLeft UIInterfaceOrientationLandscapeRight";
				LD_RUNPATH_SEARCH_PATHS = (
					"$(inherited)",
					"@executable_path/Frameworks",
				);
				MARKETING_VERSION = 1.0;
				PRODUCT_BUNDLE_IDENTIFIER = com.tianlan.SwiftfulSwiftUIinPractice;
				PRODUCT_NAME = "$(TARGET_NAME)";
				SWIFT_EMIT_LOC_STRINGS = YES;
				SWIFT_VERSION = 5.0;
				TARGETED_DEVICE_FAMILY = "1,2";
			};
			name = Release;
		};
/* End XCBuildConfiguration section */

/* Begin XCConfigurationList section */
		26B6D9552CB8AA810033395D /* Build configuration list for PBXProject "SwiftfulSwiftUIinPractice" */ = {
			isa = XCConfigurationList;
			buildConfigurations = (
				26B6D96B2CB8AA840033395D /* Debug */,
				26B6D96C2CB8AA840033395D /* Release */,
			);
			defaultConfigurationIsVisible = 0;
			defaultConfigurationName = Release;
		};
		26B6D96D2CB8AA840033395D /* Build configuration list for PBXNativeTarget "SwiftfulSwiftUIinPractice" */ = {
			isa = XCConfigurationList;
			buildConfigurations = (
				26B6D96E2CB8AA840033395D /* Debug */,
				26B6D96F2CB8AA840033395D /* Release */,
			);
			defaultConfigurationIsVisible = 0;
			defaultConfigurationName = Release;
		};
/* End XCConfigurationList section */

/* Begin XCRemoteSwiftPackageReference section */
		260D92472CB8B8790015484F /* XCRemoteSwiftPackageReference "SDWebImageSwiftUI" */ = {
			isa = XCRemoteSwiftPackageReference;
			repositoryURL = "https://github.com/SDWebImage/SDWebImageSwiftUI.git";
			requirement = {
				kind = upToNextMajorVersion;
				minimumVersion = 2.2.6;
			};
		};
		26B5DC5F2CDAE7E40077C3FB /* XCRemoteSwiftPackageReference "SwiftfulUI" */ = {
			isa = XCRemoteSwiftPackageReference;
			repositoryURL = "https://github.com/SwiftfulThinking/SwiftfulUI.git";
			requirement = {
				kind = upToNextMajorVersion;
				minimumVersion = 1.2.0;
			};
		};
		26B5DC622CDAE8160077C3FB /* XCRemoteSwiftPackageReference "SwiftfulRouting" */ = {
			isa = XCRemoteSwiftPackageReference;
			repositoryURL = "https://github.com/SwiftfulThinking/SwiftfulRouting.git";
			requirement = {
				kind = upToNextMajorVersion;
				minimumVersion = 5.3.6;
			};
		};
/* End XCRemoteSwiftPackageReference section */

/* Begin XCSwiftPackageProductDependency section */
		260D92482CB8B87B0015484F /* SDWebImageSwiftUI */ = {
			isa = XCSwiftPackageProductDependency;
			package = 260D92472CB8B8790015484F /* XCRemoteSwiftPackageReference "SDWebImageSwiftUI" */;
			productName = SDWebImageSwiftUI;
		};
		26B5DC602CDAE7E40077C3FB /* SwiftfulUI */ = {
			isa = XCSwiftPackageProductDependency;
			package = 26B5DC5F2CDAE7E40077C3FB /* XCRemoteSwiftPackageReference "SwiftfulUI" */;
			productName = SwiftfulUI;
		};
		26B5DC632CDAE8160077C3FB /* SwiftfulRouting */ = {
			isa = XCSwiftPackageProductDependency;
			package = 26B5DC622CDAE8160077C3FB /* XCRemoteSwiftPackageReference "SwiftfulRouting" */;
			productName = SwiftfulRouting;
		};
/* End XCSwiftPackageProductDependency section */

/* Begin XCVersionGroup section */
		26B6D9682CB8AA840033395D /* SwiftfulSwiftUIinPractice.xcdatamodeld */ = {
			isa = XCVersionGroup;
			children = (
				26B6D9692CB8AA840033395D /* SwiftfulSwiftUIinPractice.xcdatamodel */,
			);
			currentVersion = 26B6D9692CB8AA840033395D /* SwiftfulSwiftUIinPractice.xcdatamodel */;
			path = SwiftfulSwiftUIinPractice.xcdatamodeld;
			sourceTree = "<group>";
			versionGroupType = wrapper.xcdatamodel;
		};
/* End XCVersionGroup section */
	};
	rootObject = 26B6D9522CB8AA810033395D /* Project object */;
}
